<?xml version="1.0" encoding="utf-8"?>
<Project ToolsVersion="4.0" xmlns="http://schemas.microsoft.com/developer/msbuild/2003">
  <ItemGroup>
    <Filter Include="소스 파일">
      <UniqueIdentifier>{4FC737F1-C7A5-4376-A066-2A32D752A2FF}</UniqueIdentifier>
      <Extensions>cpp;c;cc;cxx;c++;cppm;ixx;def;odl;idl;hpj;bat;asm;asmx</Extensions>
    </Filter>
    <Filter Include="헤더 파일">
      <UniqueIdentifier>{93995380-89BD-4b04-88EB-625FBE52EBFB}</UniqueIdentifier>
      <Extensions>h;hh;hpp;hxx;h++;hm;inl;inc;ipp;xsd</Extensions>
    </Filter>
    <Filter Include="리소스 파일">
      <UniqueIdentifier>{67DA6AB6-F800-4c08-8B7A-83BB121AAD01}</UniqueIdentifier>
      <Extensions>rc;ico;cur;bmp;dlg;rc2;rct;bin;rgs;gif;jpg;jpeg;jpe;resx;tiff;tif;png;wav;mfcribbon-ms</Extensions>
    </Filter>
    <Filter Include="헤더 파일\구현 파일">
      <UniqueIdentifier>{148d2345-9003-4b19-879b-ef69474af869}</UniqueIdentifier>
    </Filter>
    <Filter Include="알고리즘들">
      <UniqueIdentifier>{dacb95fc-eeaf-4c55-91b0-97c875f09676}</UniqueIdentifier>
    </Filter>
    <Filter Include="알고리즘들\구현 파일">
      <UniqueIdentifier>{eab989f0-5182-420b-8a7e-2a2cdb41026c}</UniqueIdentifier>
    </Filter>
  </ItemGroup>
  <ItemGroup>
    <ClCompile Include="src\main.cpp">
      <Filter>소스 파일</Filter>
    </ClCompile>
    <ClCompile Include="header\Implements\Applications.cpp">
      <Filter>헤더 파일\구현 파일</Filter>
    </ClCompile>
    <ClCompile Include="header\Implements\ArrayManager.cpp">
      <Filter>헤더 파일\구현 파일</Filter>
    </ClCompile>
    <ClCompile Include="header\Implements\BarManager.cpp">
      <Filter>헤더 파일\구현 파일</Filter>
    </ClCompile>
    <ClCompile Include="header\Implements\ExecuteManager.cpp">
      <Filter>헤더 파일\구현 파일</Filter>
    </ClCompile>
    <ClCompile Include="header\Implements\InputManager.cpp">
      <Filter>헤더 파일\구현 파일</Filter>
    </ClCompile>
    <ClCompile Include="header\Implements\SortingAlgorithmManager.cpp">
      <Filter>헤더 파일\구현 파일</Filter>
    </ClCompile>
    <ClCompile Include="header\Implements\WindowManager.cpp">
      <Filter>헤더 파일\구현 파일</Filter>
    </ClCompile>
    <ClCompile Include="Algorithms\Implemetnt\BubbleSort.cpp">
      <Filter>알고리즘들\구현 파일</Filter>
    </ClCompile>
    <ClCompile Include="Algorithms\Implemetnt\FisherYates.cpp">
      <Filter>알고리즘들\구현 파일</Filter>
    </ClCompile>
    <ClCompile Include="Algorithms\Implemetnt\HoareQuickSort.cpp">
      <Filter>알고리즘들\구현 파일</Filter>
    </ClCompile>
    <ClCompile Include="Algorithms\Implemetnt\InsertionSort.cpp">
      <Filter>알고리즘들\구현 파일</Filter>
    </ClCompile>
    <ClCompile Include="Algorithms\Implemetnt\MergeSort.cpp">
      <Filter>알고리즘들\구현 파일</Filter>
    </ClCompile>
    <ClCompile Include="Algorithms\Implemetnt\SelectionSort.cpp">
      <Filter>알고리즘들\구현 파일</Filter>
    </ClCompile>
  </ItemGroup>
  <ItemGroup>
    <ClInclude Include="header\Application.hpp">
      <Filter>헤더 파일</Filter>
    </ClInclude>
    <ClInclude Include="header\ArrayManager.hpp">
      <Filter>헤더 파일</Filter>
    </ClInclude>
    <ClInclude Include="header\BarManager.hpp">
      <Filter>헤더 파일</Filter>
    </ClInclude>
    <ClInclude Include="header\Command.hpp">
      <Filter>헤더 파일</Filter>
    </ClInclude>
    <ClInclude Include="header\ExecuteManager.hpp">
      <Filter>헤더 파일</Filter>
    </ClInclude>
    <ClInclude Include="header\InputManager.hpp">
      <Filter>헤더 파일</Filter>
    </ClInclude>
    <ClInclude Include="header\SortingAlgorithmManager.hpp">
      <Filter>헤더 파일</Filter>
    </ClInclude>
    <ClInclude Include="header\WindowManager.hpp">
      <Filter>헤더 파일</Filter>
    </ClInclude>
    <ClInclude Include="Algorithms\BubbleSort.hpp">
      <Filter>알고리즘들</Filter>
    </ClInclude>
    <ClInclude Include="Algorithms\FisherYatesShuffle.hpp">
      <Filter>알고리즘들</Filter>
    </ClInclude>
    <ClInclude Include="Algorithms\HoareQuickSort.hpp">
      <Filter>알고리즘들</Filter>
    </ClInclude>
    <ClInclude Include="Algorithms\InsertionSort.hpp">
      <Filter>알고리즘들</Filter>
    </ClInclude>
    <ClInclude Include="Algorithms\MergeSort.hpp">
      <Filter>알고리즘들</Filter>
    </ClInclude>
    <ClInclude Include="Algorithms\SelectionSort.hpp">
      <Filter>알고리즘들</Filter>
    </ClInclude>
  </ItemGroup>
</Project>